{
    "version": 3,
    "terraform_version": "0.11.3",
    "serial": 3,
    "lineage": "5abceed7-73bc-48fc-9e76-462068b071d8",
    "backend": {
        "type": "s3",
        "config": {
            "bucket": "hquinn-tf-s3-bucket",
            "encrypt": "true",
            "key": "global/s3/terraform.tfstate",
            "region": "us-east-1"
        },
        "hash": 8271223676095274141
    },
    "modules": [
        {
            "path": [
                "root"
            ],
            "outputs": {},
            "resources": {
                "aws_s3_bucket.terraform_state": {
                    "type": "aws_s3_bucket",
                    "depends_on": [],
                    "primary": {
                        "id": "hquinn-tf-s3-bucket",
                        "attributes": {
                            "acceleration_status": "",
                            "acl": "private",
                            "arn": "arn:aws:s3:::hquinn-tf-s3-bucket",
                            "bucket": "hquinn-tf-s3-bucket",
                            "bucket_domain_name": "hquinn-tf-s3-bucket.s3.amazonaws.com",
                            "force_destroy": "false",
                            "hosted_zone_id": "Z3AQBSTGFYJSTF",
                            "id": "hquinn-tf-s3-bucket",
                            "logging.#": "0",
                            "region": "us-east-1",
                            "replication_configuration.#": "0",
                            "request_payer": "BucketOwner",
                            "server_side_encryption_configuration.#": "0",
                            "tags.%": "0",
                            "versioning.#": "1",
                            "versioning.0.enabled": "true",
                            "versioning.0.mfa_delete": "false",
                            "website.#": "0"
                        },
                        "meta": {},
                        "tainted": false
                    },
                    "deposed": [],
                    "provider": "provider.aws"
                }
            },
            "depends_on": []
        }
    ]
}
